// !$*UTF8*$!
{
	archiveVersion = 1;
	classes = {
	};
	objectVersion = 50;
	objects = {

/* Begin PBXBuildFile section */
		35EEDF5168939519F3466943 /* Pods_TechReadsPod.framework in Frameworks */ = {isa = PBXBuildFile; fileRef = D4DB2B6D9F56AEA0E346BF75 /* Pods_TechReadsPod.framework */; };
		D3037F2324062EC000123532 /* PreferencesManagement.swift in Sources */ = {isa = PBXBuildFile; fileRef = D3037F2224062EC000123532 /* PreferencesManagement.swift */; };
		D39BC9A824053CE9001C5EDE /* ChickenCoopAPI.swift in Sources */ = {isa = PBXBuildFile; fileRef = D39BC9A724053CE9001C5EDE /* ChickenCoopAPI.swift */; };
		D3A0ED622407969200798AE0 /* GameInfoProcess.swift in Sources */ = {isa = PBXBuildFile; fileRef = D3A0ED612407969200798AE0 /* GameInfoProcess.swift */; };
		D3DC3D6E240501C800D28DEA /* TechReadsPod.h in Headers */ = {isa = PBXBuildFile; fileRef = D3DC3D6C240501C800D28DEA /* TechReadsPod.h */; settings = {ATTRIBUTES = (Public, ); }; };
		D3DC3D752405060000D28DEA /* StructPod.swift in Sources */ = {isa = PBXBuildFile; fileRef = D3DC3D742405060000D28DEA /* StructPod.swift */; };
/* End PBXBuildFile section */

/* Begin PBXFileReference section */
		1F4D8D47E04DB46A3E5121DC /* Pods-TechReadsPod.release.xcconfig */ = {isa = PBXFileReference; includeInIndex = 1; lastKnownFileType = text.xcconfig; name = "Pods-TechReadsPod.release.xcconfig"; path = "Target Support Files/Pods-TechReadsPod/Pods-TechReadsPod.release.xcconfig"; sourceTree = "<group>"; };
		2FBD5118F33F151E961F3B6F /* Pods-TechReadsPod.debug.xcconfig */ = {isa = PBXFileReference; includeInIndex = 1; lastKnownFileType = text.xcconfig; name = "Pods-TechReadsPod.debug.xcconfig"; path = "Target Support Files/Pods-TechReadsPod/Pods-TechReadsPod.debug.xcconfig"; sourceTree = "<group>"; };
		D3037F2224062EC000123532 /* PreferencesManagement.swift */ = {isa = PBXFileReference; lastKnownFileType = sourcecode.swift; path = PreferencesManagement.swift; sourceTree = "<group>"; };
		D39BC9A724053CE9001C5EDE /* ChickenCoopAPI.swift */ = {isa = PBXFileReference; lastKnownFileType = sourcecode.swift; path = ChickenCoopAPI.swift; sourceTree = "<group>"; };
		D3A0ED612407969200798AE0 /* GameInfoProcess.swift */ = {isa = PBXFileReference; lastKnownFileType = sourcecode.swift; path = GameInfoProcess.swift; sourceTree = "<group>"; };
		D3DC3D69240501C800D28DEA /* TechReadsPod.framework */ = {isa = PBXFileReference; explicitFileType = wrapper.framework; includeInIndex = 0; path = TechReadsPod.framework; sourceTree = BUILT_PRODUCTS_DIR; };
		D3DC3D6C240501C800D28DEA /* TechReadsPod.h */ = {isa = PBXFileReference; lastKnownFileType = sourcecode.c.h; path = TechReadsPod.h; sourceTree = "<group>"; };
		D3DC3D6D240501C800D28DEA /* Info.plist */ = {isa = PBXFileReference; lastKnownFileType = text.plist.xml; path = Info.plist; sourceTree = "<group>"; };
		D3DC3D742405060000D28DEA /* StructPod.swift */ = {isa = PBXFileReference; lastKnownFileType = sourcecode.swift; path = StructPod.swift; sourceTree = "<group>"; };
		D4DB2B6D9F56AEA0E346BF75 /* Pods_TechReadsPod.framework */ = {isa = PBXFileReference; explicitFileType = wrapper.framework; includeInIndex = 0; path = Pods_TechReadsPod.framework; sourceTree = BUILT_PRODUCTS_DIR; };
/* End PBXFileReference section */

/* Begin PBXFrameworksBuildPhase section */
		D3DC3D66240501C800D28DEA /* Frameworks */ = {
			isa = PBXFrameworksBuildPhase;
			buildActionMask = 2147483647;
			files = (
				35EEDF5168939519F3466943 /* Pods_TechReadsPod.framework in Frameworks */,
			);
			runOnlyForDeploymentPostprocessing = 0;
		};
/* End PBXFrameworksBuildPhase section */

/* Begin PBXGroup section */
		5C81E7BF96DCF520A8A0424A /* Frameworks */ = {
			isa = PBXGroup;
			children = (
				D4DB2B6D9F56AEA0E346BF75 /* Pods_TechReadsPod.framework */,
			);
			name = Frameworks;
			sourceTree = "<group>";
		};
		D3886D0C240902DE000FC804 /* model */ = {
			isa = PBXGroup;
			children = (
				D3DC3D742405060000D28DEA /* StructPod.swift */,
			);
			path = model;
			sourceTree = "<group>";
		};
		D3886D0D24090314000FC804 /* viewModel */ = {
			isa = PBXGroup;
			children = (
				D39BC9A724053CE9001C5EDE /* ChickenCoopAPI.swift */,
				D3037F2224062EC000123532 /* PreferencesManagement.swift */,
				D3A0ED612407969200798AE0 /* GameInfoProcess.swift */,
			);
			path = viewModel;
			sourceTree = "<group>";
		};
		D3DC3D5F240501C800D28DEA = {
			isa = PBXGroup;
			children = (
				D3DC3D6B240501C800D28DEA /* TechReadsPod */,
				D3DC3D6A240501C800D28DEA /* Products */,
				EA635A57DD9201BF2B94CFD4 /* Pods */,
				5C81E7BF96DCF520A8A0424A /* Frameworks */,
			);
			sourceTree = "<group>";
		};
		D3DC3D6A240501C800D28DEA /* Products */ = {
			isa = PBXGroup;
			children = (
				D3DC3D69240501C800D28DEA /* TechReadsPod.framework */,
			);
			name = Products;
			sourceTree = "<group>";
		};
		D3DC3D6B240501C800D28DEA /* TechReadsPod */ = {
			isa = PBXGroup;
			children = (
				D3886D0D24090314000FC804 /* viewModel */,
				D3886D0C240902DE000FC804 /* model */,
				D3DC3D6C240501C800D28DEA /* TechReadsPod.h */,
				D3DC3D6D240501C800D28DEA /* Info.plist */,
			);
			path = TechReadsPod;
			sourceTree = "<group>";
		};
		EA635A57DD9201BF2B94CFD4 /* Pods */ = {
			isa = PBXGroup;
			children = (
				2FBD5118F33F151E961F3B6F /* Pods-TechReadsPod.debug.xcconfig */,
				1F4D8D47E04DB46A3E5121DC /* Pods-TechReadsPod.release.xcconfig */,
			);
			path = Pods;
			sourceTree = "<group>";
		};
/* End PBXGroup section */

/* Begin PBXHeadersBuildPhase section */
		D3DC3D64240501C800D28DEA /* Headers */ = {
			isa = PBXHeadersBuildPhase;
			buildActionMask = 2147483647;
			files = (
				D3DC3D6E240501C800D28DEA /* TechReadsPod.h in Headers */,
			);
			runOnlyForDeploymentPostprocessing = 0;
		};
/* End PBXHeadersBuildPhase section */

/* Begin PBXNativeTarget section */
		D3DC3D68240501C800D28DEA /* TechReadsPod */ = {
			isa = PBXNativeTarget;
			buildConfigurationList = D3DC3D71240501C800D28DEA /* Build configuration list for PBXNativeTarget "TechReadsPod" */;
			buildPhases = (
				27A0E162F80664334F49BDB3 /* [CP] Check Pods Manifest.lock */,
				D3DC3D64240501C800D28DEA /* Headers */,
				D3DC3D65240501C800D28DEA /* Sources */,
				D3DC3D66240501C800D28DEA /* Frameworks */,
				D3DC3D67240501C800D28DEA /* Resources */,
			);
			buildRules = (
			);
			dependencies = (
			);
			name = TechReadsPod;
			productName = TechReadsPod;
			productReference = D3DC3D69240501C800D28DEA /* TechReadsPod.framework */;
			productType = "com.apple.product-type.framework";
		};
/* End PBXNativeTarget section */

/* Begin PBXProject section */
		D3DC3D60240501C800D28DEA /* Project object */ = {
			isa = PBXProject;
			attributes = {
				LastUpgradeCheck = 1130;
				ORGANIZATIONNAME = DVT;
				TargetAttributes = {
					D3DC3D68240501C800D28DEA = {
						CreatedOnToolsVersion = 11.3.1;
						LastSwiftMigration = 1130;
					};
				};
			};
			buildConfigurationList = D3DC3D63240501C800D28DEA /* Build configuration list for PBXProject "TechReadsPod" */;
			compatibilityVersion = "Xcode 9.3";
			developmentRegion = en;
			hasScannedForEncodings = 0;
			knownRegions = (
				en,
				Base,
			);
			mainGroup = D3DC3D5F240501C800D28DEA;
			productRefGroup = D3DC3D6A240501C800D28DEA /* Products */;
			projectDirPath = "";
			projectRoot = "";
			targets = (
				D3DC3D68240501C800D28DEA /* TechReadsPod */,
			);
		};
/* End PBXProject section */

/* Begin PBXResourcesBuildPhase section */
		D3DC3D67240501C800D28DEA /* Resources */ = {
			isa = PBXResourcesBuildPhase;
			buildActionMask = 2147483647;
			files = (
			);
			runOnlyForDeploymentPostprocessing = 0;
		};
/* End PBXResourcesBuildPhase section */

/* Begin PBXShellScriptBuildPhase section */
		27A0E162F80664334F49BDB3 /* [CP] Check Pods Manifest.lock */ = {
			isa = PBXShellScriptBuildPhase;
			buildActionMask = 2147483647;
			files = (
			);
			inputFileListPaths = (
			);
			inputPaths = (
				"${PODS_PODFILE_DIR_PATH}/Podfile.lock",
				"${PODS_ROOT}/Manifest.lock",
			);
			name = "[CP] Check Pods Manifest.lock";
			outputFileListPaths = (
			);
			outputPaths = (
				"$(DERIVED_FILE_DIR)/Pods-TechReadsPod-checkManifestLockResult.txt",
			);
			runOnlyForDeploymentPostprocessing = 0;
			shellPath = /bin/sh;
			shellScript = "diff \"${PODS_PODFILE_DIR_PATH}/Podfile.lock\" \"${PODS_ROOT}/Manifest.lock\" > /dev/null\nif [ $? != 0 ] ; then\n    # print error to STDERR\n    echo \"error: The sandbox is not in sync with the Podfile.lock. Run 'pod install' or update your CocoaPods installation.\" >&2\n    exit 1\nfi\n# This output is used by Xcode 'outputs' to avoid re-running this script phase.\necho \"SUCCESS\" > \"${SCRIPT_OUTPUT_FILE_0}\"\n";
			showEnvVarsInLog = 0;
		};
/* End PBXShellScriptBuildPhase section */

/* Begin PBXSourcesBuildPhase section */
		D3DC3D65240501C800D28DEA /* Sources */ = {
			isa = PBXSourcesBuildPhase;
			buildActionMask = 2147483647;
			files = (
				D3DC3D752405060000D28DEA /* StructPod.swift in Sources */,
				D3A0ED622407969200798AE0 /* GameInfoProcess.swift in Sources */,
				D3037F2324062EC000123532 /* PreferencesManagement.swift in Sources */,
				D39BC9A824053CE9001C5EDE /* ChickenCoopAPI.swift in Sources */,
			);
			runOnlyForDeploymentPostprocessing = 0;
		};
/* End PBXSourcesBuildPhase section */

/* Begin XCBuildConfiguration section */
		D3DC3D6F240501C800D28DEA /* Debug */ = {
			isa = XCBuildConfiguration;
			buildSettings = {
				ALWAYS_SEARCH_USER_PATHS = NO;
				CLANG_ANALYZER_NONNULL = YES;
				CLANG_ANALYZER_NUMBER_OBJECT_CONVERSION = YES_AGGRESSIVE;
				CLANG_CXX_LANGUAGE_STANDARD = "gnu++14";
				CLANG_CXX_LIBRARY = "libc++";
				CLANG_ENABLE_MODULES = YES;
				CLANG_ENABLE_OBJC_ARC = YES;
				CLANG_ENABLE_OBJC_WEAK = YES;
				CLANG_WARN_BLOCK_CAPTURE_AUTORELEASING = YES;
				CLANG_WARN_BOOL_CONVERSION = YES;
				CLANG_WARN_COMMA = YES;
				CLANG_WARN_CONSTANT_CONVERSION = YES;
				CLANG_WARN_DEPRECATED_OBJC_IMPLEMENTATIONS = YES;
				CLANG_WARN_DIRECT_OBJC_ISA_USAGE = YES_ERROR;
				CLANG_WARN_DOCUMENTATION_COMMENTS = YES;
				CLANG_WARN_EMPTY_BODY = YES;
				CLANG_WARN_ENUM_CONVERSION = YES;
				CLANG_WARN_INFINITE_RECURSION = YES;
				CLANG_WARN_INT_CONVERSION = YES;
				CLANG_WARN_NON_LITERAL_NULL_CONVERSION = YES;
				CLANG_WARN_OBJC_IMPLICIT_RETAIN_SELF = YES;
				CLANG_WARN_OBJC_LITERAL_CONVERSION = YES;
				CLANG_WARN_OBJC_ROOT_CLASS = YES_ERROR;
				CLANG_WARN_RANGE_LOOP_ANALYSIS = YES;
				CLANG_WARN_STRICT_PROTOTYPES = YES;
				CLANG_WARN_SUSPICIOUS_MOVE = YES;
				CLANG_WARN_UNGUARDED_AVAILABILITY = YES_AGGRESSIVE;
				CLANG_WARN_UNREACHABLE_CODE = YES;
				CLANG_WARN__DUPLICATE_METHOD_MATCH = YES;
				COPY_PHASE_STRIP = NO;
				CURRENT_PROJECT_VERSION = 1;
				DEBUG_INFORMATION_FORMAT = dwarf;
				ENABLE_STRICT_OBJC_MSGSEND = YES;
				ENABLE_TESTABILITY = YES;
				GCC_C_LANGUAGE_STANDARD = gnu11;
				GCC_DYNAMIC_NO_PIC = NO;
				GCC_NO_COMMON_BLOCKS = YES;
				GCC_OPTIMIZATION_LEVEL = 0;
				GCC_PREPROCESSOR_DEFINITIONS = (
					"DEBUG=1",
					"$(inherited)",
				);
				GCC_WARN_64_TO_32_BIT_CONVERSION = YES;
				GCC_WARN_ABOUT_RETURN_TYPE = YES_ERROR;
				GCC_WARN_UNDECLARED_SELECTOR = YES;
				GCC_WARN_UNINITIALIZED_AUTOS = YES_AGGRESSIVE;
				GCC_WARN_UNUSED_FUNCTION = YES;
				GCC_WARN_UNUSED_VARIABLE = YES;
				IPHONEOS_DEPLOYMENT_TARGET = 13.2;
				MTL_ENABLE_DEBUG_INFO = INCLUDE_SOURCE;
				MTL_FAST_MATH = YES;
				ONLY_ACTIVE_ARCH = YES;
				SDKROOT = iphoneos;
				SWIFT_ACTIVE_COMPILATION_CONDITIONS = DEBUG;
				SWIFT_OPTIMIZATION_LEVEL = "-Onone";
				VERSIONING_SYSTEM = "apple-generic";
				VERSION_INFO_PREFIX = "";
			};
			name = Debug;
		};
		D3DC3D70240501C800D28DEA /* Release */ = {
			isa = XCBuildConfiguration;
			buildSettings = {
				ALWAYS_SEARCH_USER_PATHS = NO;
				CLANG_ANALYZER_NONNULL = YES;
				CLANG_ANALYZER_NUMBER_OBJECT_CONVERSION = YES_AGGRESSIVE;
				CLANG_CXX_LANGUAGE_STANDARD = "gnu++14";
				CLANG_CXX_LIBRARY = "libc++";
				CLANG_ENABLE_MODULES = YES;
				CLANG_ENABLE_OBJC_ARC = YES;
				CLANG_ENABLE_OBJC_WEAK = YES;
				CLANG_WARN_BLOCK_CAPTURE_AUTORELEASING = YES;
				CLANG_WARN_BOOL_CONVERSION = YES;
				CLANG_WARN_COMMA = YES;
				CLANG_WARN_CONSTANT_CONVERSION = YES;
				CLANG_WARN_DEPRECATED_OBJC_IMPLEMENTATIONS = YES;
				CLANG_WARN_DIRECT_OBJC_ISA_USAGE = YES_ERROR;
				CLANG_WARN_DOCUMENTATION_COMMENTS = YES;
				CLANG_WARN_EMPTY_BODY = YES;
				CLANG_WARN_ENUM_CONVERSION = YES;
				CLANG_WARN_INFINITE_RECURSION = YES;
				CLANG_WARN_INT_CONVERSION = YES;
				CLANG_WARN_NON_LITERAL_NULL_CONVERSION = YES;
				CLANG_WARN_OBJC_IMPLICIT_RETAIN_SELF = YES;
				CLANG_WARN_OBJC_LITERAL_CONVERSION = YES;
				CLANG_WARN_OBJC_ROOT_CLASS = YES_ERROR;
				CLANG_WARN_RANGE_LOOP_ANALYSIS = YES;
				CLANG_WARN_STRICT_PROTOTYPES = YES;
				CLANG_WARN_SUSPICIOUS_MOVE = YES;
				CLANG_WARN_UNGUARDED_AVAILABILITY = YES_AGGRESSIVE;
				CLANG_WARN_UNREACHABLE_CODE = YES;
				CLANG_WARN__DUPLICATE_METHOD_MATCH = YES;
				COPY_PHASE_STRIP = NO;
				CURRENT_PROJECT_VERSION = 1;
				DEBUG_INFORMATION_FORMAT = "dwarf-with-dsym";
				ENABLE_NS_ASSERTIONS = NO;
				ENABLE_STRICT_OBJC_MSGSEND = YES;
				GCC_C_LANGUAGE_STANDARD = gnu11;
				GCC_NO_COMMON_BLOCKS = YES;
				GCC_WARN_64_TO_32_BIT_CONVERSION = YES;
				GCC_WARN_ABOUT_RETURN_TYPE = YES_ERROR;
				GCC_WARN_UNDECLARED_SELECTOR = YES;
				GCC_WARN_UNINITIALIZED_AUTOS = YES_AGGRESSIVE;
				GCC_WARN_UNUSED_FUNCTION = YES;
				GCC_WARN_UNUSED_VARIABLE = YES;
				IPHONEOS_DEPLOYMENT_TARGET = 13.2;
				MTL_ENABLE_DEBUG_INFO = NO;
				MTL_FAST_MATH = YES;
				SDKROOT = iphoneos;
				SWIFT_COMPILATION_MODE = wholemodule;
				SWIFT_OPTIMIZATION_LEVEL = "-O";
				VALIDATE_PRODUCT = YES;
				VERSIONING_SYSTEM = "apple-generic";
				VERSION_INFO_PREFIX = "";
			};
			name = Release;
		};
		D3DC3D72240501C800D28DEA /* Debug */ = {
			isa = XCBuildConfiguration;
			baseConfigurationReference = 2FBD5118F33F151E961F3B6F /* Pods-TechReadsPod.debug.xcconfig */;
			buildSettings = {
				CLANG_ENABLE_MODULES = YES;
				CODE_SIGN_STYLE = Automatic;
				DEFINES_MODULE = YES;
				DYLIB_COMPATIBILITY_VERSION = 1;
				DYLIB_CURRENT_VERSION = 1;
				DYLIB_INSTALL_NAME_BASE = "@rpath";
				INFOPLIST_FILE = TechReadsPod/Info.plist;
				INSTALL_PATH = "$(LOCAL_LIBRARY_DIR)/Frameworks";
				LD_RUNPATH_SEARCH_PATHS = (
					"$(inherited)",
					"@executable_path/Frameworks",
					"@loader_path/Frameworks",
				);
				PRODUCT_BUNDLE_IDENTIFIER = za.co.dvt.TechReadsPod;
				PRODUCT_NAME = "$(TARGET_NAME:c99extidentifier)";
				SKIP_INSTALL = YES;
				SWIFT_OPTIMIZATION_LEVEL = "-Onone";
				SWIFT_VERSION = 5.0;
				TARGETED_DEVICE_FAMILY = "1,2";
			};
			name = Debug;
		};
		D3DC3D73240501C800D28DEA /* Release */ = {
			isa = XCBuildConfiguration;
			baseConfigurationReference = 1F4D8D47E04DB46A3E5121DC /* Pods-TechReadsPod.release.xcconfig */;
			buildSettings = {
				CLANG_ENABLE_MODULES = YES;
				CODE_SIGN_STYLE = Automatic;
				DEFINES_MODULE = YES;
				DYLIB_COMPATIBILITY_VERSION = 1;
				DYLIB_CURRENT_VERSION = 1;
				DYLIB_INSTALL_NAME_BASE = "@rpath";
				INFOPLIST_FILE = TechReadsPod/Info.plist;
				INSTALL_PATH = "$(LOCAL_LIBRARY_DIR)/Frameworks";
				LD_RUNPATH_SEARCH_PATHS = (
					"$(inherited)",
					"@executable_path/Frameworks",
					"@loader_path/Frameworks",
				);
				PRODUCT_BUNDLE_IDENTIFIER = za.co.dvt.TechReadsPod;
				PRODUCT_NAME = "$(TARGET_NAME:c99extidentifier)";
				SKIP_INSTALL = YES;
				SWIFT_VERSION = 5.0;
				TARGETED_DEVICE_FAMILY = "1,2";
			};
			name = Release;
		};
/* End XCBuildConfiguration section */

/* Begin XCConfigurationList section */
		D3DC3D63240501C800D28DEA /* Build configuration list for PBXProject "TechReadsPod" */ = {
			isa = XCConfigurationList;
			buildConfigurations = (
				D3DC3D6F240501C800D28DEA /* Debug */,
				D3DC3D70240501C800D28DEA /* Release */,
			);
			defaultConfigurationIsVisible = 0;
			defaultConfigurationName = Release;
		};
		D3DC3D71240501C800D28DEA /* Build configuration list for PBXNativeTarget "TechReadsPod" */ = {
			isa = XCConfigurationList;
			buildConfigurations = (
				D3DC3D72240501C800D28DEA /* Debug */,
				D3DC3D73240501C800D28DEA /* Release */,
			);
			defaultConfigurationIsVisible = 0;
			defaultConfigurationName = Release;
		};
/* End XCConfigurationList section */
	};
	rootObject = D3DC3D60240501C800D28DEA /* Project object */;
}
